
Microsoft Visual Studio Solution File, Format Version 12.00
# Visual Studio Version 17
VisualStudioVersion = 17.4.33205.214
MinimumVisualStudioVersion = 10.0.40219.1
Project("{FAE04EC0-301F-11D3-BF4B-00C04F79EFBC}") = "TaxiSearch", "TaxiSearch\TaxiSearch.csproj", "{F115CA0E-4470-49C7-B44D-1DE9954B6C3C}"
EndProject
Project("{FAE04EC0-301F-11D3-BF4B-00C04F79EFBC}") = "UnitTestProject", "UnitTestProject\UnitTestProject.csproj", "{2108375D-2392-4F9B-825B-998EE2EC1462}"
EndProject
Global
	GlobalSection(SolutionConfigurationPlatforms) = preSolution
		Debug|Any CPU = Debug|Any CPU
		Release|Any CPU = Release|Any CPU
	EndGlobalSection
	GlobalSection(ProjectConfigurationPlatforms) = postSolution
		{F115CA0E-4470-49C7-B44D-1DE9954B6C3C}.Debug|Any CPU.ActiveCfg = Debug|Any CPU
		{F115CA0E-4470-49C7-B44D-1DE9954B6C3C}.Debug|Any CPU.Build.0 = Debug|Any CPU
		{F115CA0E-4470-49C7-B44D-1DE9954B6C3C}.Release|Any CPU.ActiveCfg = Release|Any CPU
		{F115CA0E-4470-49C7-B44D-1DE9954B6C3C}.Release|Any CPU.Build.0 = Release|Any CPU
		{2108375D-2392-4F9B-825B-998EE2EC1462}.Debug|Any CPU.ActiveCfg = Debug|Any CPU
		{2108375D-2392-4F9B-825B-998EE2EC1462}.Debug|Any CPU.Build.0 = Debug|Any CPU
		{2108375D-2392-4F9B-825B-998EE2EC1462}.Release|Any CPU.ActiveCfg = Release|Any CPU
		{2108375D-2392-4F9B-825B-998EE2EC1462}.Release|Any CPU.Build.0 = Release|Any CPU
	EndGlobalSection
	GlobalSection(SolutionProperties) = preSolution
		HideSolutionNode = FALSE
	EndGlobalSection
	GlobalSection(ExtensibilityGlobals) = postSolution
		SolutionGuid = {9E3A78D7-12DB-4404-99EF-A61C19779314}
	EndGlobalSection
EndGlobal
